
Microsoft Visual Studio Solution File, Format Version 12.00
# Visual Studio 15
VisualStudioVersion = 15.0.28307.1062
MinimumVisualStudioVersion = 10.0.40219.1
Project("{FAE04EC0-301F-11D3-BF4B-00C04F79EFBC}") = "TheSuperComputer", "TheSuperComputer\TheSuperComputer.csproj", "{C66CA630-DC5C-4B02-B7B9-A149AD3F230B}"
EndProject
Global
	GlobalSection(SolutionConfigurationPlatforms) = preSolution
		Debug|Any CPU = Debug|Any CPU
		Release|Any CPU = Release|Any CPU
	EndGlobalSection
	GlobalSection(ProjectConfigurationPlatforms) = postSolution
		{C66CA630-DC5C-4B02-B7B9-A149AD3F230B}.Debug|Any CPU.ActiveCfg = Debug|Any CPU
		{C66CA630-DC5C-4B02-B7B9-A149AD3F230B}.Debug|Any CPU.Build.0 = Debug|Any CPU
		{C66CA630-DC5C-4B02-B7B9-A149AD3F230B}.Release|Any CPU.ActiveCfg = Release|Any CPU
		{C66CA630-DC5C-4B02-B7B9-A149AD3F230B}.Release|Any CPU.Build.0 = Release|Any CPU
	EndGlobalSection
	GlobalSection(SolutionProperties) = preSolution
		HideSolutionNode = FALSE
	EndGlobalSection
	GlobalSection(ExtensibilityGlobals) = postSolution
		SolutionGuid = {57308B4C-5B3C-431E-99EE-FCDF5B9C4E4B}
	EndGlobalSection
EndGlobal
